
Microsoft Visual Studio Solution File, Format Version 12.00
# Visual Studio Version 16
VisualStudioVersion = 16.0.31205.134
MinimumVisualStudioVersion = 10.0.40219.1
Project("{9A19103F-16F7-4668-BE54-9A1E7A4F7556}") = "EFPractice.Core", "..\EFPractice.Core\EFPractice.Core.csproj", "{0CF55174-BEC2-4826-92F7-2DA4E796AFE6}"
EndProject
Project("{9A19103F-16F7-4668-BE54-9A1E7A4F7556}") = "EFPractice.Data", "..\EFPractice.Data\EFPractice.Data.csproj", "{23DE9949-8B8A-485D-842C-C0B886468FE5}"
EndProject
Project("{FAE04EC0-301F-11D3-BF4B-00C04F79EFBC}") = "EFPractice", "EFPractice\EFPractice.csproj", "{94DEB64E-EBC8-44C2-B5C4-BBD50AD6F94A}"
EndProject
Global
	GlobalSection(SolutionConfigurationPlatforms) = preSolution
		Debug|Any CPU = Debug|Any CPU
		Release|Any CPU = Release|Any CPU
	EndGlobalSection
	GlobalSection(ProjectConfigurationPlatforms) = postSolution
		{0CF55174-BEC2-4826-92F7-2DA4E796AFE6}.Debug|Any CPU.ActiveCfg = Debug|Any CPU
		{0CF55174-BEC2-4826-92F7-2DA4E796AFE6}.Debug|Any CPU.Build.0 = Debug|Any CPU
		{0CF55174-BEC2-4826-92F7-2DA4E796AFE6}.Release|Any CPU.ActiveCfg = Release|Any CPU
		{0CF55174-BEC2-4826-92F7-2DA4E796AFE6}.Release|Any CPU.Build.0 = Release|Any CPU
		{23DE9949-8B8A-485D-842C-C0B886468FE5}.Debug|Any CPU.ActiveCfg = Debug|Any CPU
		{23DE9949-8B8A-485D-842C-C0B886468FE5}.Debug|Any CPU.Build.0 = Debug|Any CPU
		{23DE9949-8B8A-485D-842C-C0B886468FE5}.Release|Any CPU.ActiveCfg = Release|Any CPU
		{23DE9949-8B8A-485D-842C-C0B886468FE5}.Release|Any CPU.Build.0 = Release|Any CPU
		{94DEB64E-EBC8-44C2-B5C4-BBD50AD6F94A}.Debug|Any CPU.ActiveCfg = Debug|Any CPU
		{94DEB64E-EBC8-44C2-B5C4-BBD50AD6F94A}.Debug|Any CPU.Build.0 = Debug|Any CPU
		{94DEB64E-EBC8-44C2-B5C4-BBD50AD6F94A}.Release|Any CPU.ActiveCfg = Release|Any CPU
		{94DEB64E-EBC8-44C2-B5C4-BBD50AD6F94A}.Release|Any CPU.Build.0 = Release|Any CPU
	EndGlobalSection
	GlobalSection(SolutionProperties) = preSolution
		HideSolutionNode = FALSE
	EndGlobalSection
	GlobalSection(ExtensibilityGlobals) = postSolution
		SolutionGuid = {25B34071-E8A1-4983-8313-FF98F1A1C244}
	EndGlobalSection
EndGlobal
